<?xml version="1.0" encoding="utf-8"?>
<Project ToolsVersion="4.0" xmlns="http://schemas.microsoft.com/developer/msbuild/2003">
  <ItemGroup>
    <Filter Include="ソース ファイル">
      <UniqueIdentifier>{4FC737F1-C7A5-4376-A066-2A32D752A2FF}</UniqueIdentifier>
      <Extensions>cpp;c;cc;cxx;def;odl;idl;hpj;bat;asm;asmx</Extensions>
    </Filter>
    <Filter Include="ヘッダー ファイル">
      <UniqueIdentifier>{93995380-89BD-4b04-88EB-625FBE52EBFB}</UniqueIdentifier>
      <Extensions>h;hh;hpp;hxx;hm;inl;inc;ipp;xsd</Extensions>
    </Filter>
    <Filter Include="リソース ファイル">
      <UniqueIdentifier>{67DA6AB6-F800-4c08-8B7A-83BB121AAD01}</UniqueIdentifier>
      <Extensions>rc;ico;cur;bmp;dlg;rc2;rct;bin;rgs;gif;jpg;jpeg;jpe;resx;tiff;tif;png;wav;mfcribbon-ms</Extensions>
    </Filter>
    <Filter Include="ソース ファイル\Scene">
      <UniqueIdentifier>{8f3e0e49-10b7-4789-8b91-4e97ad15adce}</UniqueIdentifier>
    </Filter>
    <Filter Include="ソース ファイル\json11">
      <UniqueIdentifier>{1338cacc-b08d-491e-8cc9-26810060777a}</UniqueIdentifier>
    </Filter>
    <Filter Include="ソース ファイル\Actor">
      <UniqueIdentifier>{1382968a-fbee-4107-abdb-37816800f71d}</UniqueIdentifier>
    </Filter>
    <Filter Include="ソース ファイル\SkeletalMesh">
      <UniqueIdentifier>{b7d3ee87-9faf-40f8-9d2c-596fdf1a503d}</UniqueIdentifier>
    </Filter>
    <Filter Include="ソース ファイル\Audio">
      <UniqueIdentifier>{06874bc1-cedb-4b8f-a2c2-79ec1c003a98}</UniqueIdentifier>
    </Filter>
  </ItemGroup>
  <ItemGroup>
    <ClInclude Include="pch.h">
      <Filter>ヘッダー ファイル</Filter>
    </ClInclude>
    <ClInclude Include="Src\Scene.h">
      <Filter>ソース ファイル</Filter>
    </ClInclude>
    <ClInclude Include="Src\GLFWEW.h">
      <Filter>ソース ファイル</Filter>
    </ClInclude>
    <ClInclude Include="Src\GamePad.h">
      <Filter>ソース ファイル</Filter>
    </ClInclude>
    <ClInclude Include="Src\BufferObject.h">
      <Filter>ソース ファイル</Filter>
    </ClInclude>
    <ClInclude Include="Src\Shader.h">
      <Filter>ソース ファイル</Filter>
    </ClInclude>
    <ClInclude Include="Src\Texture.h">
      <Filter>ソース ファイル</Filter>
    </ClInclude>
    <ClInclude Include="Src\Geometry.h">
      <Filter>ソース ファイル</Filter>
    </ClInclude>
    <ClInclude Include="Src\Sprite.h">
      <Filter>ソース ファイル</Filter>
    </ClInclude>
    <ClInclude Include="Src\Font.h">
      <Filter>ソース ファイル</Filter>
    </ClInclude>
    <ClInclude Include="Src\GameOverScene.h">
      <Filter>ソース ファイル\Scene</Filter>
    </ClInclude>
    <ClInclude Include="Src\MainGameScene.h">
      <Filter>ソース ファイル\Scene</Filter>
    </ClInclude>
    <ClInclude Include="Src\StatusScene.h">
      <Filter>ソース ファイル\Scene</Filter>
    </ClInclude>
    <ClInclude Include="Src\TitleScene.h">
      <Filter>ソース ファイル\Scene</Filter>
    </ClInclude>
    <ClInclude Include="Src\Mesh.h">
      <Filter>ソース ファイル</Filter>
    </ClInclude>
    <ClInclude Include="Src\Terrain.h">
      <Filter>ソース ファイル</Filter>
    </ClInclude>
    <ClInclude Include="Src\json11\json11.hpp">
      <Filter>ソース ファイル\json11</Filter>
    </ClInclude>
    <ClInclude Include="Src\Actor.h">
      <Filter>ソース ファイル</Filter>
    </ClInclude>
    <ClInclude Include="Src\Collision.h">
      <Filter>ソース ファイル</Filter>
    </ClInclude>
    <ClInclude Include="Src\PlayerActor.h">
      <Filter>ソース ファイル\Actor</Filter>
    </ClInclude>
    <ClInclude Include="Src\SkeletalMesh.h">
      <Filter>ソース ファイル\SkeletalMesh</Filter>
    </ClInclude>
    <ClInclude Include="Src\SkeletalMeshActor.h">
      <Filter>ソース ファイル\SkeletalMesh</Filter>
    </ClInclude>
    <ClInclude Include="Src\UniformBuffer.h">
      <Filter>ソース ファイル\SkeletalMesh</Filter>
    </ClInclude>
    <ClInclude Include="Src\Audio\Audio.h">
      <Filter>ソース ファイル\Audio</Filter>
    </ClInclude>
    <ClInclude Include="Src\JizoActor.h">
      <Filter>ソース ファイル\Actor</Filter>
    </ClInclude>
  </ItemGroup>
  <ItemGroup>
    <ClCompile Include="pch.cpp">
      <Filter>ソース ファイル</Filter>
    </ClCompile>
    <ClCompile Include="OpenGL3D2019_2nd.cpp">
      <Filter>ソース ファイル</Filter>
    </ClCompile>
    <ClCompile Include="Src\Scene.cpp">
      <Filter>ソース ファイル</Filter>
    </ClCompile>
    <ClCompile Include="Src\GLFWEW.cpp">
      <Filter>ソース ファイル</Filter>
    </ClCompile>
    <ClCompile Include="Src\BufferObject.cpp">
      <Filter>ソース ファイル</Filter>
    </ClCompile>
    <ClCompile Include="Src\Shader.cpp">
      <Filter>ソース ファイル</Filter>
    </ClCompile>
    <ClCompile Include="Src\Texture.cpp">
      <Filter>ソース ファイル</Filter>
    </ClCompile>
    <ClCompile Include="Src\Sprite.cpp">
      <Filter>ソース ファイル</Filter>
    </ClCompile>
    <ClCompile Include="Src\Font.cpp">
      <Filter>ソース ファイル</Filter>
    </ClCompile>
    <ClCompile Include="Src\GameOverScene.cpp">
      <Filter>ソース ファイル\Scene</Filter>
    </ClCompile>
    <ClCompile Include="Src\MainGameScene.cpp">
      <Filter>ソース ファイル\Scene</Filter>
    </ClCompile>
    <ClCompile Include="Src\StatusScene.cpp">
      <Filter>ソース ファイル\Scene</Filter>
    </ClCompile>
    <ClCompile Include="Src\TitleScene.cpp">
      <Filter>ソース ファイル\Scene</Filter>
    </ClCompile>
    <ClCompile Include="Src\Mesh.cpp">
      <Filter>ソース ファイル</Filter>
    </ClCompile>
    <ClCompile Include="Src\Terrain.cpp">
      <Filter>ソース ファイル</Filter>
    </ClCompile>
    <ClCompile Include="Src\json11\json11.cpp">
      <Filter>ソース ファイル\json11</Filter>
    </ClCompile>
    <ClCompile Include="Src\Actor.cpp">
      <Filter>ソース ファイル</Filter>
    </ClCompile>
    <ClCompile Include="Src\Collision.cpp">
      <Filter>ソース ファイル</Filter>
    </ClCompile>
    <ClCompile Include="Src\PlayerActor.cpp">
      <Filter>ソース ファイル\Actor</Filter>
    </ClCompile>
    <ClCompile Include="Src\SkeletalMesh.cpp">
      <Filter>ソース ファイル\SkeletalMesh</Filter>
    </ClCompile>
    <ClCompile Include="Src\SkeletalMeshActor.cpp">
      <Filter>ソース ファイル\SkeletalMesh</Filter>
    </ClCompile>
    <ClCompile Include="Src\UniformBuffer.cpp">
      <Filter>ソース ファイル\SkeletalMesh</Filter>
    </ClCompile>
    <ClCompile Include="Src\Audio\Audio.cpp">
      <Filter>ソース ファイル\Audio</Filter>
    </ClCompile>
    <ClCompile Include="Src\JizoActor.cpp">
      <Filter>ソース ファイル\Actor</Filter>
    </ClCompile>
  </ItemGroup>
  <ItemGroup>
    <None Include="packages.config" />
    <None Include="Res\Sprite.vert">
      <Filter>リソース ファイル</Filter>
    </None>
    <None Include="Res\Sprite.frag">
      <Filter>リソース ファイル</Filter>
    </None>
    <None Include="Res\StaticMesh.vert">
      <Filter>リソース ファイル</Filter>
    </None>
    <None Include="Res\StaticMesh.frag">
      <Filter>リソース ファイル</Filter>
    </None>
    <None Include="Res\SkeletalMesh.frag">
      <Filter>リソース ファイル</Filter>
    </None>
    <None Include="Res\SkeletalMesh.vert">
      <Filter>リソース ファイル</Filter>
    </None>
  </ItemGroup>
</Project>